
Microsoft Visual Studio Solution File, Format Version 12.00
# Visual Studio Version 17
VisualStudioVersion = 17.5.33627.172
MinimumVisualStudioVersion = 10.0.40219.1
Project("{FAE04EC0-301F-11D3-BF4B-00C04F79EFBC}") = "eTickets", "eTickets\eTickets.csproj", "{2B44C666-6EE9-4D19-AAF7-25168599D57A}"
EndProject
Global
	GlobalSection(SolutionConfigurationPlatforms) = preSolution
		Debug|Any CPU = Debug|Any CPU
		Release|Any CPU = Release|Any CPU
	EndGlobalSection
	GlobalSection(ProjectConfigurationPlatforms) = postSolution
		{2B44C666-6EE9-4D19-AAF7-25168599D57A}.Debug|Any CPU.ActiveCfg = Debug|Any CPU
		{2B44C666-6EE9-4D19-AAF7-25168599D57A}.Debug|Any CPU.Build.0 = Debug|Any CPU
		{2B44C666-6EE9-4D19-AAF7-25168599D57A}.Release|Any CPU.ActiveCfg = Release|Any CPU
		{2B44C666-6EE9-4D19-AAF7-25168599D57A}.Release|Any CPU.Build.0 = Release|Any CPU
	EndGlobalSection
	GlobalSection(SolutionProperties) = preSolution
		HideSolutionNode = FALSE
	EndGlobalSection
	GlobalSection(ExtensibilityGlobals) = postSolution
		SolutionGuid = {9AF7B3E6-3432-4784-BCC3-325C3F183B4D}
	EndGlobalSection
EndGlobal
